// !$*UTF8*$!
{
	archiveVersion = 1;
	classes = {
	};
	objectVersion = 46;
	objects = {

/* Begin PBXBuildFile section */
		D581ABF317EA984C00CEE6AA /* Foundation.framework in Frameworks */ = {isa = PBXBuildFile; fileRef = D581ABF217EA984C00CEE6AA /* Foundation.framework */; };
		D581ABF517EA984C00CEE6AA /* CoreGraphics.framework in Frameworks */ = {isa = PBXBuildFile; fileRef = D581ABF417EA984C00CEE6AA /* CoreGraphics.framework */; };
		D581ABF717EA984C00CEE6AA /* UIKit.framework in Frameworks */ = {isa = PBXBuildFile; fileRef = D581ABF617EA984C00CEE6AA /* UIKit.framework */; };
		D581ABFD17EA984C00CEE6AA /* InfoPlist.strings in Resources */ = {isa = PBXBuildFile; fileRef = D581ABFB17EA984C00CEE6AA /* InfoPlist.strings */; };
		D581ABFF17EA984C00CEE6AA /* main.m in Sources */ = {isa = PBXBuildFile; fileRef = D581ABFE17EA984C00CEE6AA /* main.m */; };
		D581AC0317EA984C00CEE6AA /* TXAppDelegate.m in Sources */ = {isa = PBXBuildFile; fileRef = D581AC0217EA984C00CEE6AA /* TXAppDelegate.m */; };
		D581AC0617EA984C00CEE6AA /* Main_iPhone.storyboard in Resources */ = {isa = PBXBuildFile; fileRef = D581AC0417EA984C00CEE6AA /* Main_iPhone.storyboard */; };
		D581AC0917EA984C00CEE6AA /* Main_iPad.storyboard in Resources */ = {isa = PBXBuildFile; fileRef = D581AC0717EA984C00CEE6AA /* Main_iPad.storyboard */; };
		D581AC0C17EA984C00CEE6AA /* TXViewController.m in Sources */ = {isa = PBXBuildFile; fileRef = D581AC0B17EA984C00CEE6AA /* TXViewController.m */; };
		D581AC0E17EA984C00CEE6AA /* Images.xcassets in Resources */ = {isa = PBXBuildFile; fileRef = D581AC0D17EA984C00CEE6AA /* Images.xcassets */; };
		D581AC1517EA984C00CEE6AA /* XCTest.framework in Frameworks */ = {isa = PBXBuildFile; fileRef = D581AC1417EA984C00CEE6AA /* XCTest.framework */; };
		D581AC1617EA984C00CEE6AA /* Foundation.framework in Frameworks */ = {isa = PBXBuildFile; fileRef = D581ABF217EA984C00CEE6AA /* Foundation.framework */; };
		D581AC1717EA984C00CEE6AA /* UIKit.framework in Frameworks */ = {isa = PBXBuildFile; fileRef = D581ABF617EA984C00CEE6AA /* UIKit.framework */; };
		D581AC1F17EA984C00CEE6AA /* InfoPlist.strings in Resources */ = {isa = PBXBuildFile; fileRef = D581AC1D17EA984C00CEE6AA /* InfoPlist.strings */; };
		D581AC2117EA984C00CEE6AA /* TexfTests.m in Sources */ = {isa = PBXBuildFile; fileRef = D581AC2017EA984C00CEE6AA /* TexfTests.m */; };
		D581AC2B17EABD9700CEE6AA /* CoreMotion.framework in Frameworks */ = {isa = PBXBuildFile; fileRef = D581AC2A17EABD9700CEE6AA /* CoreMotion.framework */; };
/* End PBXBuildFile section */

/* Begin PBXContainerItemProxy section */
		D581AC1817EA984C00CEE6AA /* PBXContainerItemProxy */ = {
			isa = PBXContainerItemProxy;
			containerPortal = D581ABE717EA984C00CEE6AA /* Project object */;
			proxyType = 1;
			remoteGlobalIDString = D581ABEE17EA984C00CEE6AA;
			remoteInfo = Texf;
		};
/* End PBXContainerItemProxy section */

/* Begin PBXFileReference section */
		D581ABEF17EA984C00CEE6AA /* Texf.app */ = {isa = PBXFileReference; explicitFileType = wrapper.application; includeInIndex = 0; path = Texf.app; sourceTree = BUILT_PRODUCTS_DIR; };
		D581ABF217EA984C00CEE6AA /* Foundation.framework */ = {isa = PBXFileReference; lastKnownFileType = wrapper.framework; name = Foundation.framework; path = System/Library/Frameworks/Foundation.framework; sourceTree = SDKROOT; };
		D581ABF417EA984C00CEE6AA /* CoreGraphics.framework */ = {isa = PBXFileReference; lastKnownFileType = wrapper.framework; name = CoreGraphics.framework; path = System/Library/Frameworks/CoreGraphics.framework; sourceTree = SDKROOT; };
		D581ABF617EA984C00CEE6AA /* UIKit.framework */ = {isa = PBXFileReference; lastKnownFileType = wrapper.framework; name = UIKit.framework; path = System/Library/Frameworks/UIKit.framework; sourceTree = SDKROOT; };
		D581ABFA17EA984C00CEE6AA /* Texf-Info.plist */ = {isa = PBXFileReference; lastKnownFileType = text.plist.xml; path = "Texf-Info.plist"; sourceTree = "<group>"; };
		D581ABFC17EA984C00CEE6AA /* en */ = {isa = PBXFileReference; lastKnownFileType = text.plist.strings; name = en; path = en.lproj/InfoPlist.strings; sourceTree = "<group>"; };
		D581ABFE17EA984C00CEE6AA /* main.m */ = {isa = PBXFileReference; lastKnownFileType = sourcecode.c.objc; path = main.m; sourceTree = "<group>"; };
		D581AC0017EA984C00CEE6AA /* Texf-Prefix.pch */ = {isa = PBXFileReference; lastKnownFileType = sourcecode.c.h; path = "Texf-Prefix.pch"; sourceTree = "<group>"; };
		D581AC0117EA984C00CEE6AA /* TXAppDelegate.h */ = {isa = PBXFileReference; lastKnownFileType = sourcecode.c.h; path = TXAppDelegate.h; sourceTree = "<group>"; };
		D581AC0217EA984C00CEE6AA /* TXAppDelegate.m */ = {isa = PBXFileReference; lastKnownFileType = sourcecode.c.objc; path = TXAppDelegate.m; sourceTree = "<group>"; };
		D581AC0517EA984C00CEE6AA /* Base */ = {isa = PBXFileReference; lastKnownFileType = file.storyboard; name = Base; path = Base.lproj/Main_iPhone.storyboard; sourceTree = "<group>"; };
		D581AC0817EA984C00CEE6AA /* Base */ = {isa = PBXFileReference; lastKnownFileType = file.storyboard; name = Base; path = Base.lproj/Main_iPad.storyboard; sourceTree = "<group>"; };
		D581AC0A17EA984C00CEE6AA /* TXViewController.h */ = {isa = PBXFileReference; lastKnownFileType = sourcecode.c.h; path = TXViewController.h; sourceTree = "<group>"; };
		D581AC0B17EA984C00CEE6AA /* TXViewController.m */ = {isa = PBXFileReference; lastKnownFileType = sourcecode.c.objc; path = TXViewController.m; sourceTree = "<group>"; };
		D581AC0D17EA984C00CEE6AA /* Images.xcassets */ = {isa = PBXFileReference; lastKnownFileType = folder.assetcatalog; path = Images.xcassets; sourceTree = "<group>"; };
		D581AC1317EA984C00CEE6AA /* TexfTests.xctest */ = {isa = PBXFileReference; explicitFileType = wrapper.cfbundle; includeInIndex = 0; path = TexfTests.xctest; sourceTree = BUILT_PRODUCTS_DIR; };
		D581AC1417EA984C00CEE6AA /* XCTest.framework */ = {isa = PBXFileReference; lastKnownFileType = wrapper.framework; name = XCTest.framework; path = Library/Frameworks/XCTest.framework; sourceTree = DEVELOPER_DIR; };
		D581AC1C17EA984C00CEE6AA /* TexfTests-Info.plist */ = {isa = PBXFileReference; lastKnownFileType = text.plist.xml; path = "TexfTests-Info.plist"; sourceTree = "<group>"; };
		D581AC1E17EA984C00CEE6AA /* en */ = {isa = PBXFileReference; lastKnownFileType = text.plist.strings; name = en; path = en.lproj/InfoPlist.strings; sourceTree = "<group>"; };
		D581AC2017EA984C00CEE6AA /* TexfTests.m */ = {isa = PBXFileReference; lastKnownFileType = sourcecode.c.objc; path = TexfTests.m; sourceTree = "<group>"; };
		D581AC2A17EABD9700CEE6AA /* CoreMotion.framework */ = {isa = PBXFileReference; lastKnownFileType = wrapper.framework; name = CoreMotion.framework; path = System/Library/Frameworks/CoreMotion.framework; sourceTree = SDKROOT; };
/* End PBXFileReference section */

/* Begin PBXFrameworksBuildPhase section */
		D581ABEC17EA984C00CEE6AA /* Frameworks */ = {
			isa = PBXFrameworksBuildPhase;
			buildActionMask = 2147483647;
			files = (
				D581AC2B17EABD9700CEE6AA /* CoreMotion.framework in Frameworks */,
				D581ABF517EA984C00CEE6AA /* CoreGraphics.framework in Frameworks */,
				D581ABF717EA984C00CEE6AA /* UIKit.framework in Frameworks */,
				D581ABF317EA984C00CEE6AA /* Foundation.framework in Frameworks */,
			);
			runOnlyForDeploymentPostprocessing = 0;
		};
		D581AC1017EA984C00CEE6AA /* Frameworks */ = {
			isa = PBXFrameworksBuildPhase;
			buildActionMask = 2147483647;
			files = (
				D581AC1517EA984C00CEE6AA /* XCTest.framework in Frameworks */,
				D581AC1717EA984C00CEE6AA /* UIKit.framework in Frameworks */,
				D581AC1617EA984C00CEE6AA /* Foundation.framework in Frameworks */,
			);
			runOnlyForDeploymentPostprocessing = 0;
		};
/* End PBXFrameworksBuildPhase section */

/* Begin PBXGroup section */
		D581ABE617EA984C00CEE6AA = {
			isa = PBXGroup;
			children = (
				D581ABF817EA984C00CEE6AA /* Texf */,
				D581AC1A17EA984C00CEE6AA /* TexfTests */,
				D581ABF117EA984C00CEE6AA /* Frameworks */,
				D581ABF017EA984C00CEE6AA /* Products */,
			);
			sourceTree = "<group>";
		};
		D581ABF017EA984C00CEE6AA /* Products */ = {
			isa = PBXGroup;
			children = (
				D581ABEF17EA984C00CEE6AA /* Texf.app */,
				D581AC1317EA984C00CEE6AA /* TexfTests.xctest */,
			);
			name = Products;
			sourceTree = "<group>";
		};
		D581ABF117EA984C00CEE6AA /* Frameworks */ = {
			isa = PBXGroup;
			children = (
				D581AC2A17EABD9700CEE6AA /* CoreMotion.framework */,
				D581ABF217EA984C00CEE6AA /* Foundation.framework */,
				D581ABF417EA984C00CEE6AA /* CoreGraphics.framework */,
				D581ABF617EA984C00CEE6AA /* UIKit.framework */,
				D581AC1417EA984C00CEE6AA /* XCTest.framework */,
			);
			name = Frameworks;
			sourceTree = "<group>";
		};
		D581ABF817EA984C00CEE6AA /* Texf */ = {
			isa = PBXGroup;
			children = (
				D581AC0117EA984C00CEE6AA /* TXAppDelegate.h */,
				D581AC0217EA984C00CEE6AA /* TXAppDelegate.m */,
				D581AC0417EA984C00CEE6AA /* Main_iPhone.storyboard */,
				D581AC0717EA984C00CEE6AA /* Main_iPad.storyboard */,
				D581AC0A17EA984C00CEE6AA /* TXViewController.h */,
				D581AC0B17EA984C00CEE6AA /* TXViewController.m */,
				D581AC0D17EA984C00CEE6AA /* Images.xcassets */,
				D581ABF917EA984C00CEE6AA /* Supporting Files */,
			);
			path = Texf;
			sourceTree = "<group>";
		};
		D581ABF917EA984C00CEE6AA /* Supporting Files */ = {
			isa = PBXGroup;
			children = (
				D581ABFA17EA984C00CEE6AA /* Texf-Info.plist */,
				D581ABFB17EA984C00CEE6AA /* InfoPlist.strings */,
				D581ABFE17EA984C00CEE6AA /* main.m */,
				D581AC0017EA984C00CEE6AA /* Texf-Prefix.pch */,
			);
			name = "Supporting Files";
			sourceTree = "<group>";
		};
		D581AC1A17EA984C00CEE6AA /* TexfTests */ = {
			isa = PBXGroup;
			children = (
				D581AC2017EA984C00CEE6AA /* TexfTests.m */,
				D581AC1B17EA984C00CEE6AA /* Supporting Files */,
			);
			path = TexfTests;
			sourceTree = "<group>";
		};
		D581AC1B17EA984C00CEE6AA /* Supporting Files */ = {
			isa = PBXGroup;
			children = (
				D581AC1C17EA984C00CEE6AA /* TexfTests-Info.plist */,
				D581AC1D17EA984C00CEE6AA /* InfoPlist.strings */,
			);
			name = "Supporting Files";
			sourceTree = "<group>";
		};
/* End PBXGroup section */

/* Begin PBXNativeTarget section */
		D581ABEE17EA984C00CEE6AA /* Texf */ = {
			isa = PBXNativeTarget;
			buildConfigurationList = D581AC2417EA984C00CEE6AA /* Build configuration list for PBXNativeTarget "Texf" */;
			buildPhases = (
				D581ABEB17EA984C00CEE6AA /* Sources */,
				D581ABEC17EA984C00CEE6AA /* Frameworks */,
				D581ABED17EA984C00CEE6AA /* Resources */,
			);
			buildRules = (
			);
			dependencies = (
			);
			name = Texf;
			productName = Texf;
			productReference = D581ABEF17EA984C00CEE6AA /* Texf.app */;
			productType = "com.apple.product-type.application";
		};
		D581AC1217EA984C00CEE6AA /* TexfTests */ = {
			isa = PBXNativeTarget;
			buildConfigurationList = D581AC2717EA984C00CEE6AA /* Build configuration list for PBXNativeTarget "TexfTests" */;
			buildPhases = (
				D581AC0F17EA984C00CEE6AA /* Sources */,
				D581AC1017EA984C00CEE6AA /* Frameworks */,
				D581AC1117EA984C00CEE6AA /* Resources */,
			);
			buildRules = (
			);
			dependencies = (
				D581AC1917EA984C00CEE6AA /* PBXTargetDependency */,
			);
			name = TexfTests;
			productName = TexfTests;
			productReference = D581AC1317EA984C00CEE6AA /* TexfTests.xctest */;
			productType = "com.apple.product-type.bundle.unit-test";
		};
/* End PBXNativeTarget section */

/* Begin PBXProject section */
		D581ABE717EA984C00CEE6AA /* Project object */ = {
			isa = PBXProject;
			attributes = {
				CLASSPREFIX = TX;
				LastUpgradeCheck = 0500;
				ORGANIZATIONNAME = Rototyping;
				TargetAttributes = {
					D581AC1217EA984C00CEE6AA = {
						TestTargetID = D581ABEE17EA984C00CEE6AA;
					};
				};
			};
			buildConfigurationList = D581ABEA17EA984C00CEE6AA /* Build configuration list for PBXProject "Texf" */;
			compatibilityVersion = "Xcode 3.2";
			developmentRegion = English;
			hasScannedForEncodings = 0;
			knownRegions = (
				en,
				Base,
			);
			mainGroup = D581ABE617EA984C00CEE6AA;
			productRefGroup = D581ABF017EA984C00CEE6AA /* Products */;
			projectDirPath = "";
			projectRoot = "";
			targets = (
				D581ABEE17EA984C00CEE6AA /* Texf */,
				D581AC1217EA984C00CEE6AA /* TexfTests */,
			);
		};
/* End PBXProject section */

/* Begin PBXResourcesBuildPhase section */
		D581ABED17EA984C00CEE6AA /* Resources */ = {
			isa = PBXResourcesBuildPhase;
			buildActionMask = 2147483647;
			files = (
				D581AC0917EA984C00CEE6AA /* Main_iPad.storyboard in Resources */,
				D581AC0E17EA984C00CEE6AA /* Images.xcassets in Resources */,
				D581AC0617EA984C00CEE6AA /* Main_iPhone.storyboard in Resources */,
				D581ABFD17EA984C00CEE6AA /* InfoPlist.strings in Resources */,
			);
			runOnlyForDeploymentPostprocessing = 0;
		};
		D581AC1117EA984C00CEE6AA /* Resources */ = {
			isa = PBXResourcesBuildPhase;
			buildActionMask = 2147483647;
			files = (
				D581AC1F17EA984C00CEE6AA /* InfoPlist.strings in Resources */,
			);
			runOnlyForDeploymentPostprocessing = 0;
		};
/* End PBXResourcesBuildPhase section */

/* Begin PBXSourcesBuildPhase section */
		D581ABEB17EA984C00CEE6AA /* Sources */ = {
			isa = PBXSourcesBuildPhase;
			buildActionMask = 2147483647;
			files = (
				D581AC0317EA984C00CEE6AA /* TXAppDelegate.m in Sources */,
				D581ABFF17EA984C00CEE6AA /* main.m in Sources */,
				D581AC0C17EA984C00CEE6AA /* TXViewController.m in Sources */,
			);
			runOnlyForDeploymentPostprocessing = 0;
		};
		D581AC0F17EA984C00CEE6AA /* Sources */ = {
			isa = PBXSourcesBuildPhase;
			buildActionMask = 2147483647;
			files = (
				D581AC2117EA984C00CEE6AA /* TexfTests.m in Sources */,
			);
			runOnlyForDeploymentPostprocessing = 0;
		};
/* End PBXSourcesBuildPhase section */

/* Begin PBXTargetDependency section */
		D581AC1917EA984C00CEE6AA /* PBXTargetDependency */ = {
			isa = PBXTargetDependency;
			target = D581ABEE17EA984C00CEE6AA /* Texf */;
			targetProxy = D581AC1817EA984C00CEE6AA /* PBXContainerItemProxy */;
		};
/* End PBXTargetDependency section */

/* Begin PBXVariantGroup section */
		D581ABFB17EA984C00CEE6AA /* InfoPlist.strings */ = {
			isa = PBXVariantGroup;
			children = (
				D581ABFC17EA984C00CEE6AA /* en */,
			);
			name = InfoPlist.strings;
			sourceTree = "<group>";
		};
		D581AC0417EA984C00CEE6AA /* Main_iPhone.storyboard */ = {
			isa = PBXVariantGroup;
			children = (
				D581AC0517EA984C00CEE6AA /* Base */,
			);
			name = Main_iPhone.storyboard;
			sourceTree = "<group>";
		};
		D581AC0717EA984C00CEE6AA /* Main_iPad.storyboard */ = {
			isa = PBXVariantGroup;
			children = (
				D581AC0817EA984C00CEE6AA /* Base */,
			);
			name = Main_iPad.storyboard;
			sourceTree = "<group>";
		};
		D581AC1D17EA984C00CEE6AA /* InfoPlist.strings */ = {
			isa = PBXVariantGroup;
			children = (
				D581AC1E17EA984C00CEE6AA /* en */,
			);
			name = InfoPlist.strings;
			sourceTree = "<group>";
		};
/* End PBXVariantGroup section */

/* Begin XCBuildConfiguration section */
		D581AC2217EA984C00CEE6AA /* Debug */ = {
			isa = XCBuildConfiguration;
			buildSettings = {
				ALWAYS_SEARCH_USER_PATHS = NO;
				ARCHS = "$(ARCHS_STANDARD_INCLUDING_64_BIT)";
				CLANG_CXX_LANGUAGE_STANDARD = "gnu++0x";
				CLANG_CXX_LIBRARY = "libc++";
				CLANG_ENABLE_MODULES = YES;
				CLANG_ENABLE_OBJC_ARC = YES;
				CLANG_WARN_BOOL_CONVERSION = YES;
				CLANG_WARN_CONSTANT_CONVERSION = YES;
				CLANG_WARN_DIRECT_OBJC_ISA_USAGE = YES_ERROR;
				CLANG_WARN_EMPTY_BODY = YES;
				CLANG_WARN_ENUM_CONVERSION = YES;
				CLANG_WARN_INT_CONVERSION = YES;
				CLANG_WARN_OBJC_ROOT_CLASS = YES_ERROR;
				CLANG_WARN__DUPLICATE_METHOD_MATCH = YES;
				"CODE_SIGN_IDENTITY[sdk=iphoneos*]" = "iPhone Developer";
				COPY_PHASE_STRIP = NO;
				GCC_C_LANGUAGE_STANDARD = gnu99;
				GCC_DYNAMIC_NO_PIC = NO;
				GCC_OPTIMIZATION_LEVEL = 0;
				GCC_PREPROCESSOR_DEFINITIONS = (
					"DEBUG=1",
					"$(inherited)",
				);
				GCC_SYMBOLS_PRIVATE_EXTERN = NO;
				GCC_WARN_64_TO_32_BIT_CONVERSION = YES;
				GCC_WARN_ABOUT_RETURN_TYPE = YES_ERROR;
				GCC_WARN_UNDECLARED_SELECTOR = YES;
				GCC_WARN_UNINITIALIZED_AUTOS = YES;
				GCC_WARN_UNUSED_FUNCTION = YES;
				GCC_WARN_UNUSED_VARIABLE = YES;
				IPHONEOS_DEPLOYMENT_TARGET = 7.0;
				ONLY_ACTIVE_ARCH = YES;
				SDKROOT = iphoneos;
				TARGETED_DEVICE_FAMILY = "1,2";
			};
			name = Debug;
		};
		D581AC2317EA984C00CEE6AA /* Release */ = {
			isa = XCBuildConfiguration;
			buildSettings = {
				ALWAYS_SEARCH_USER_PATHS = NO;
				ARCHS = "$(ARCHS_STANDARD_INCLUDING_64_BIT)";
				CLANG_CXX_LANGUAGE_STANDARD = "gnu++0x";
				CLANG_CXX_LIBRARY = "libc++";
				CLANG_ENABLE_MODULES = YES;
				CLANG_ENABLE_OBJC_ARC = YES;
				CLANG_WARN_BOOL_CONVERSION = YES;
				CLANG_WARN_CONSTANT_CONVERSION = YES;
				CLANG_WARN_DIRECT_OBJC_ISA_USAGE = YES_ERROR;
				CLANG_WARN_EMPTY_BODY = YES;
				CLANG_WARN_ENUM_CONVERSION = YES;
				CLANG_WARN_INT_CONVERSION = YES;
				CLANG_WARN_OBJC_ROOT_CLASS = YES_ERROR;
				CLANG_WARN__DUPLICATE_METHOD_MATCH = YES;
				"CODE_SIGN_IDENTITY[sdk=iphoneos*]" = "iPhone Developer";
				COPY_PHASE_STRIP = YES;
				ENABLE_NS_ASSERTIONS = NO;
				GCC_C_LANGUAGE_STANDARD = gnu99;
				GCC_WARN_64_TO_32_BIT_CONVERSION = YES;
				GCC_WARN_ABOUT_RETURN_TYPE = YES_ERROR;
				GCC_WARN_UNDECLARED_SELECTOR = YES;
				GCC_WARN_UNINITIALIZED_AUTOS = YES;
				GCC_WARN_UNUSED_FUNCTION = YES;
				GCC_WARN_UNUSED_VARIABLE = YES;
				IPHONEOS_DEPLOYMENT_TARGET = 7.0;
				SDKROOT = iphoneos;
				TARGETED_DEVICE_FAMILY = "1,2";
				VALIDATE_PRODUCT = YES;
			};
			name = Release;
		};
		D581AC2517EA984C00CEE6AA /* Debug */ = {
			isa = XCBuildConfiguration;
			buildSettings = {
				ASSETCATALOG_COMPILER_APPICON_NAME = AppIcon;
				ASSETCATALOG_COMPILER_LAUNCHIMAGE_NAME = LaunchImage;
				GCC_PRECOMPILE_PREFIX_HEADER = YES;
				GCC_PREFIX_HEADER = "Texf/Texf-Prefix.pch";
				INFOPLIST_FILE = "Texf/Texf-Info.plist";
				PRODUCT_NAME = "$(TARGET_NAME)";
				WRAPPER_EXTENSION = app;
			};
			name = Debug;
		};
		D581AC2617EA984C00CEE6AA /* Release */ = {
			isa = XCBuildConfiguration;
			buildSettings = {
				ASSETCATALOG_COMPILER_APPICON_NAME = AppIcon;
				ASSETCATALOG_COMPILER_LAUNCHIMAGE_NAME = LaunchImage;
				GCC_PRECOMPILE_PREFIX_HEADER = YES;
				GCC_PREFIX_HEADER = "Texf/Texf-Prefix.pch";
				INFOPLIST_FILE = "Texf/Texf-Info.plist";
				PRODUCT_NAME = "$(TARGET_NAME)";
				WRAPPER_EXTENSION = app;
			};
			name = Release;
		};
		D581AC2817EA984C00CEE6AA /* Debug */ = {
			isa = XCBuildConfiguration;
			buildSettings = {
				ARCHS = "$(ARCHS_STANDARD_INCLUDING_64_BIT)";
				BUNDLE_LOADER = "$(BUILT_PRODUCTS_DIR)/Texf.app/Texf";
				FRAMEWORK_SEARCH_PATHS = (
					"$(SDKROOT)/Developer/Library/Frameworks",
					"$(inherited)",
					"$(DEVELOPER_FRAMEWORKS_DIR)",
				);
				GCC_PRECOMPILE_PREFIX_HEADER = YES;
				GCC_PREFIX_HEADER = "Texf/Texf-Prefix.pch";
				GCC_PREPROCESSOR_DEFINITIONS = (
					"DEBUG=1",
					"$(inherited)",
				);
				INFOPLIST_FILE = "TexfTests/TexfTests-Info.plist";
				PRODUCT_NAME = "$(TARGET_NAME)";
				TEST_HOST = "$(BUNDLE_LOADER)";
				WRAPPER_EXTENSION = xctest;
			};
			name = Debug;
		};
		D581AC2917EA984C00CEE6AA /* Release */ = {
			isa = XCBuildConfiguration;
			buildSettings = {
				ARCHS = "$(ARCHS_STANDARD_INCLUDING_64_BIT)";
				BUNDLE_LOADER = "$(BUILT_PRODUCTS_DIR)/Texf.app/Texf";
				FRAMEWORK_SEARCH_PATHS = (
					"$(SDKROOT)/Developer/Library/Frameworks",
					"$(inherited)",
					"$(DEVELOPER_FRAMEWORKS_DIR)",
				);
				GCC_PRECOMPILE_PREFIX_HEADER = YES;
				GCC_PREFIX_HEADER = "Texf/Texf-Prefix.pch";
				INFOPLIST_FILE = "TexfTests/TexfTests-Info.plist";
				PRODUCT_NAME = "$(TARGET_NAME)";
				TEST_HOST = "$(BUNDLE_LOADER)";
				WRAPPER_EXTENSION = xctest;
			};
			name = Release;
		};
/* End XCBuildConfiguration section */

/* Begin XCConfigurationList section */
		D581ABEA17EA984C00CEE6AA /* Build configuration list for PBXProject "Texf" */ = {
			isa = XCConfigurationList;
			buildConfigurations = (
				D581AC2217EA984C00CEE6AA /* Debug */,
				D581AC2317EA984C00CEE6AA /* Release */,
			);
			defaultConfigurationIsVisible = 0;
			defaultConfigurationName = Release;
		};
		D581AC2417EA984C00CEE6AA /* Build configuration list for PBXNativeTarget "Texf" */ = {
			isa = XCConfigurationList;
			buildConfigurations = (
				D581AC2517EA984C00CEE6AA /* Debug */,
				D581AC2617EA984C00CEE6AA /* Release */,
			);
			defaultConfigurationIsVisible = 0;
		};
		D581AC2717EA984C00CEE6AA /* Build configuration list for PBXNativeTarget "TexfTests" */ = {
			isa = XCConfigurationList;
			buildConfigurations = (
				D581AC2817EA984C00CEE6AA /* Debug */,
				D581AC2917EA984C00CEE6AA /* Release */,
			);
			defaultConfigurationIsVisible = 0;
		};
/* End XCConfigurationList section */
	};
	rootObject = D581ABE717EA984C00CEE6AA /* Project object */;
}
